<?xml version="1.0" encoding="utf-8"?>
<Project ToolsVersion="4.0" xmlns="http://schemas.microsoft.com/developer/msbuild/2003">
  <ItemGroup>
    <Filter Include="Main">
      <UniqueIdentifier>{4FC737F1-C7A5-4376-A066-2A32D752A2FF}</UniqueIdentifier>
      <Extensions>cpp;c;cc;cxx;c++;cppm;ixx;def;odl;idl;hpj;bat;asm;asmx</Extensions>
    </Filter>
    <Filter Include="OOP_프로젝트">
      <UniqueIdentifier>{3fe6daaf-6544-48f3-9799-674f6a3ff510}</UniqueIdentifier>
    </Filter>
    <Filter Include="Collection">
      <UniqueIdentifier>{3d6aab18-45c4-43ab-b4db-d1903a6d6bbb}</UniqueIdentifier>
    </Filter>
    <Filter Include="Collection\챕터2">
      <UniqueIdentifier>{b67b5387-d2fa-4bbf-95d7-4e4d32cf23b7}</UniqueIdentifier>
    </Filter>
    <Filter Include="Collection\챕터3">
      <UniqueIdentifier>{55ad69f7-4747-4ee2-b34c-4a3a011b600b}</UniqueIdentifier>
    </Filter>
    <Filter Include="Collection\챕터4">
      <UniqueIdentifier>{e7bfdac5-f3ac-4c6c-a678-6fe83f7bdde6}</UniqueIdentifier>
    </Filter>
    <Filter Include="Collection\챕터5">
      <UniqueIdentifier>{8d6d3cc4-a81b-4aa9-8ecd-3b6aa07aa679}</UniqueIdentifier>
    </Filter>
    <Filter Include="Collection\챕터6">
      <UniqueIdentifier>{4a752d4a-3141-4601-bc4c-b00a91db5138}</UniqueIdentifier>
    </Filter>
  </ItemGroup>
  <ItemGroup>
    <ClCompile Include="1단계.cpp">
      <Filter>OOP_프로젝트</Filter>
    </ClCompile>
    <ClCompile Include="챕터2_문제풀이.cpp">
      <Filter>Collection\챕터2</Filter>
    </ClCompile>
    <ClCompile Include="챕터3_문제풀이.cpp">
      <Filter>Collection\챕터3</Filter>
    </ClCompile>
    <ClCompile Include="Calculator.cpp">
      <Filter>Collection\챕터3</Filter>
    </ClCompile>
    <ClCompile Include="Printer.cpp">
      <Filter>Collection\챕터3</Filter>
    </ClCompile>
    <ClCompile Include="2단계.cpp">
      <Filter>OOP_프로젝트</Filter>
    </ClCompile>
    <ClCompile Include="FruitBuyer.cpp">
      <Filter>Collection\챕터4</Filter>
    </ClCompile>
    <ClCompile Include="FruitSeller.cpp">
      <Filter>Collection\챕터4</Filter>
    </ClCompile>
    <ClCompile Include="NameCard.cpp">
      <Filter>Collection\챕터4</Filter>
    </ClCompile>
    <ClCompile Include="챕터4_문제풀이.cpp">
      <Filter>Collection\챕터4</Filter>
    </ClCompile>
    <ClCompile Include="챕터5_문제풀이.cpp">
      <Filter>Collection\챕터5</Filter>
    </ClCompile>
    <ClCompile Include="3단계.cpp">
      <Filter>OOP_프로젝트</Filter>
    </ClCompile>
    <ClCompile Include="4단계.cpp">
      <Filter>OOP_프로젝트</Filter>
    </ClCompile>
    <ClCompile Include="챕터6_문제풀이.cpp">
      <Filter>Collection\챕터6</Filter>
    </ClCompile>
    <ClCompile Include="소스.cpp">
      <Filter>Main</Filter>
    </ClCompile>
  </ItemGroup>
  <ItemGroup>
    <ClInclude Include="Calculator.h">
      <Filter>Collection\챕터3</Filter>
    </ClInclude>
    <ClInclude Include="Printer.h">
      <Filter>Collection\챕터3</Filter>
    </ClInclude>
    <ClInclude Include="FruitBuyer.h">
      <Filter>Collection\챕터4</Filter>
    </ClInclude>
    <ClInclude Include="FruitSeller.h">
      <Filter>Collection\챕터4</Filter>
    </ClInclude>
    <ClInclude Include="NameCard.h">
      <Filter>Collection\챕터4</Filter>
    </ClInclude>
  </ItemGroup>
</Project>