
Microsoft Visual Studio Solution File, Format Version 12.00
# Visual Studio Version 17
VisualStudioVersion = 17.11.35222.181
MinimumVisualStudioVersion = 10.0.40219.1
Project("{8BC9CEB8-8B4A-11D0-8D11-00A0C91BC942}") = "C++20", "C++20\C++20.vcxproj", "{F47E40C6-B9A4-4E00-90E1-585D4FA09316}"
EndProject
Global
	GlobalSection(SolutionConfigurationPlatforms) = preSolution
		Debug|x64 = Debug|x64
		Debug|x86 = Debug|x86
		Release|x64 = Release|x64
		Release|x86 = Release|x86
	EndGlobalSection
	GlobalSection(ProjectConfigurationPlatforms) = postSolution
		{F47E40C6-B9A4-4E00-90E1-585D4FA09316}.Debug|x64.ActiveCfg = Debug|x64
		{F47E40C6-B9A4-4E00-90E1-585D4FA09316}.Debug|x64.Build.0 = Debug|x64
		{F47E40C6-B9A4-4E00-90E1-585D4FA09316}.Debug|x86.ActiveCfg = Debug|Win32
		{F47E40C6-B9A4-4E00-90E1-585D4FA09316}.Debug|x86.Build.0 = Debug|Win32
		{F47E40C6-B9A4-4E00-90E1-585D4FA09316}.Release|x64.ActiveCfg = Release|x64
		{F47E40C6-B9A4-4E00-90E1-585D4FA09316}.Release|x64.Build.0 = Release|x64
		{F47E40C6-B9A4-4E00-90E1-585D4FA09316}.Release|x86.ActiveCfg = Release|Win32
		{F47E40C6-B9A4-4E00-90E1-585D4FA09316}.Release|x86.Build.0 = Release|Win32
	EndGlobalSection
	GlobalSection(SolutionProperties) = preSolution
		HideSolutionNode = FALSE
	EndGlobalSection
	GlobalSection(ExtensibilityGlobals) = postSolution
		SolutionGuid = {2CBAD5F3-7FE5-4395-B0BB-4E14E3E29006}
	EndGlobalSection
EndGlobal
