<?xml version="1.0" encoding="utf-8"?>
<Project ToolsVersion="4.0" xmlns="http://schemas.microsoft.com/developer/msbuild/2003">
  <ItemGroup>
    <Filter Include="소스 파일">
      <UniqueIdentifier>{4FC737F1-C7A5-4376-A066-2A32D752A2FF}</UniqueIdentifier>
      <Extensions>cpp;c;cc;cxx;c++;cppm;ixx;def;odl;idl;hpj;bat;asm;asmx</Extensions>
    </Filter>
    <Filter Include="Concept">
      <UniqueIdentifier>{6cd1b59e-54e5-432c-9853-39d9fc616d6f}</UniqueIdentifier>
    </Filter>
    <Filter Include="Module">
      <UniqueIdentifier>{c19149a2-cb40-43b1-82fb-0b1a957f20b0}</UniqueIdentifier>
    </Filter>
    <Filter Include="Range">
      <UniqueIdentifier>{91c6204f-078b-42fd-af9a-bf9ca6180409}</UniqueIdentifier>
    </Filter>
  </ItemGroup>
  <ItemGroup>
    <ClCompile Include="MyCoroutine.cpp">
      <Filter>소스 파일</Filter>
    </ClCompile>
    <ClCompile Include="Concept.cpp">
      <Filter>Concept</Filter>
    </ClCompile>
    <ClCompile Include="Module.cpp">
      <Filter>Module</Filter>
    </ClCompile>
    <ClCompile Include="Math.ixx">
      <Filter>Module</Filter>
    </ClCompile>
    <ClCompile Include="Math_Time.ixx">
      <Filter>Module</Filter>
    </ClCompile>
    <ClCompile Include="MathPartition.ixx">
      <Filter>Module</Filter>
    </ClCompile>
    <ClCompile Include="MathPartition_1.ixx">
      <Filter>Module</Filter>
    </ClCompile>
    <ClCompile Include="MathPartition_2.ixx">
      <Filter>Module</Filter>
    </ClCompile>
    <ClCompile Include="person.ixx">
      <Filter>Module</Filter>
    </ClCompile>
    <ClCompile Include="Person.cpp">
      <Filter>Module</Filter>
    </ClCompile>
    <ClCompile Include="Person_Arm.ixx">
      <Filter>Module</Filter>
    </ClCompile>
    <ClCompile Include="Leg.ixx">
      <Filter>Module</Filter>
    </ClCompile>
    <ClCompile Include="L_Foot.ixx">
      <Filter>Module</Filter>
    </ClCompile>
    <ClCompile Include="R_Foot.ixx">
      <Filter>Module</Filter>
    </ClCompile>
    <ClCompile Include="Range.cpp">
      <Filter>Range</Filter>
    </ClCompile>
  </ItemGroup>
  <ItemGroup>
    <ClInclude Include="MyCoroutine.h">
      <Filter>소스 파일</Filter>
    </ClInclude>
  </ItemGroup>
</Project>