<?xml version="1.0" encoding="utf-8"?>
<Project ToolsVersion="4.0" xmlns="http://schemas.microsoft.com/developer/msbuild/2003">
  <ItemGroup>
    <Filter Include="Socket">
      <UniqueIdentifier>{1dd81632-b5e8-4390-a0d5-ca09cc62bca9}</UniqueIdentifier>
    </Filter>
    <Filter Include="Main">
      <UniqueIdentifier>{4FC737F1-C7A5-4376-A066-2A32D752A2FF}</UniqueIdentifier>
      <Extensions>cpp;c;cc;cxx;c++;cppm;ixx;def;odl;idl;hpj;bat;asm;asmx</Extensions>
    </Filter>
  </ItemGroup>
  <ItemGroup>
    <ClCompile Include="Main.cpp">
      <Filter>Main</Filter>
    </ClCompile>
    <ClCompile Include="SocketUtil.cpp">
      <Filter>Socket</Filter>
    </ClCompile>
    <ClCompile Include="SocketAddress.cpp">
      <Filter>Socket</Filter>
    </ClCompile>
    <ClCompile Include="SocketAddressFactory.cpp">
      <Filter>Socket</Filter>
    </ClCompile>
    <ClCompile Include="UDPSocket.cpp">
      <Filter>Socket</Filter>
    </ClCompile>
    <ClCompile Include="TCPSocket.cpp">
      <Filter>Socket</Filter>
    </ClCompile>
  </ItemGroup>
  <ItemGroup>
    <ClInclude Include="SocketUtil.h">
      <Filter>Socket</Filter>
    </ClInclude>
    <ClInclude Include="SocketAddress.h">
      <Filter>Socket</Filter>
    </ClInclude>
    <ClInclude Include="SocketAddressFactory.h">
      <Filter>Socket</Filter>
    </ClInclude>
    <ClInclude Include="UDPSocket.h">
      <Filter>Socket</Filter>
    </ClInclude>
    <ClInclude Include="TCPSocket.h">
      <Filter>Socket</Filter>
    </ClInclude>
    <ClInclude Include="PtrUtils.h">
      <Filter>Socket</Filter>
    </ClInclude>
  </ItemGroup>
</Project>