
Microsoft Visual Studio Solution File, Format Version 12.00
# Visual Studio Version 17
VisualStudioVersion = 17.11.35222.181
MinimumVisualStudioVersion = 10.0.40219.1
Project("{9A19103F-16F7-4668-BE54-9A1E7A4F7556}") = "HelloMVC", "HelloMVC\HelloMVC.csproj", "{F7778DD8-4212-42FB-A49C-23F0E7428E80}"
EndProject
Project("{9A19103F-16F7-4668-BE54-9A1E7A4F7556}") = "HelloRazor", "HelloRazor\HelloRazor.csproj", "{3AFA121E-4BC7-4C14-9E8D-62F7265DB054}"
EndProject
Project("{9A19103F-16F7-4668-BE54-9A1E7A4F7556}") = "HelloWebAPI", "HelloWebAPI\HelloWebAPI.csproj", "{D52362AE-22F6-4140-8B41-34CCD6DE016A}"
EndProject
Project("{9A19103F-16F7-4668-BE54-9A1E7A4F7556}") = "HelloEmpty", "HelloEmpty\HelloEmpty.csproj", "{AF068228-3DC5-46AF-91E2-28DE4880D3BA}"
EndProject
Project("{9A19103F-16F7-4668-BE54-9A1E7A4F7556}") = "HelloBlazorServer", "HelloBlazorServer\HelloBlazorServer.csproj", "{DF5D59B8-CFB9-49C0-81C2-E6F2B2E1CAC8}"
EndProject
Project("{9A19103F-16F7-4668-BE54-9A1E7A4F7556}") = "HelloBlazorClient", "HelloBlazorClient\HelloBlazorClient.csproj", "{0EA448AA-09D2-4D58-8AE5-CD96C33FF5D2}"
EndProject
Global
	GlobalSection(SolutionConfigurationPlatforms) = preSolution
		Debug|Any CPU = Debug|Any CPU
		Release|Any CPU = Release|Any CPU
	EndGlobalSection
	GlobalSection(ProjectConfigurationPlatforms) = postSolution
		{F7778DD8-4212-42FB-A49C-23F0E7428E80}.Debug|Any CPU.ActiveCfg = Debug|Any CPU
		{F7778DD8-4212-42FB-A49C-23F0E7428E80}.Debug|Any CPU.Build.0 = Debug|Any CPU
		{F7778DD8-4212-42FB-A49C-23F0E7428E80}.Release|Any CPU.ActiveCfg = Release|Any CPU
		{F7778DD8-4212-42FB-A49C-23F0E7428E80}.Release|Any CPU.Build.0 = Release|Any CPU
		{3AFA121E-4BC7-4C14-9E8D-62F7265DB054}.Debug|Any CPU.ActiveCfg = Debug|Any CPU
		{3AFA121E-4BC7-4C14-9E8D-62F7265DB054}.Debug|Any CPU.Build.0 = Debug|Any CPU
		{3AFA121E-4BC7-4C14-9E8D-62F7265DB054}.Release|Any CPU.ActiveCfg = Release|Any CPU
		{3AFA121E-4BC7-4C14-9E8D-62F7265DB054}.Release|Any CPU.Build.0 = Release|Any CPU
		{D52362AE-22F6-4140-8B41-34CCD6DE016A}.Debug|Any CPU.ActiveCfg = Debug|Any CPU
		{D52362AE-22F6-4140-8B41-34CCD6DE016A}.Debug|Any CPU.Build.0 = Debug|Any CPU
		{D52362AE-22F6-4140-8B41-34CCD6DE016A}.Release|Any CPU.ActiveCfg = Release|Any CPU
		{D52362AE-22F6-4140-8B41-34CCD6DE016A}.Release|Any CPU.Build.0 = Release|Any CPU
		{AF068228-3DC5-46AF-91E2-28DE4880D3BA}.Debug|Any CPU.ActiveCfg = Debug|Any CPU
		{AF068228-3DC5-46AF-91E2-28DE4880D3BA}.Debug|Any CPU.Build.0 = Debug|Any CPU
		{AF068228-3DC5-46AF-91E2-28DE4880D3BA}.Release|Any CPU.ActiveCfg = Release|Any CPU
		{AF068228-3DC5-46AF-91E2-28DE4880D3BA}.Release|Any CPU.Build.0 = Release|Any CPU
		{DF5D59B8-CFB9-49C0-81C2-E6F2B2E1CAC8}.Debug|Any CPU.ActiveCfg = Debug|Any CPU
		{DF5D59B8-CFB9-49C0-81C2-E6F2B2E1CAC8}.Debug|Any CPU.Build.0 = Debug|Any CPU
		{DF5D59B8-CFB9-49C0-81C2-E6F2B2E1CAC8}.Release|Any CPU.ActiveCfg = Release|Any CPU
		{DF5D59B8-CFB9-49C0-81C2-E6F2B2E1CAC8}.Release|Any CPU.Build.0 = Release|Any CPU
		{0EA448AA-09D2-4D58-8AE5-CD96C33FF5D2}.Debug|Any CPU.ActiveCfg = Debug|Any CPU
		{0EA448AA-09D2-4D58-8AE5-CD96C33FF5D2}.Debug|Any CPU.Build.0 = Debug|Any CPU
		{0EA448AA-09D2-4D58-8AE5-CD96C33FF5D2}.Release|Any CPU.ActiveCfg = Release|Any CPU
		{0EA448AA-09D2-4D58-8AE5-CD96C33FF5D2}.Release|Any CPU.Build.0 = Release|Any CPU
	EndGlobalSection
	GlobalSection(SolutionProperties) = preSolution
		HideSolutionNode = FALSE
	EndGlobalSection
	GlobalSection(ExtensibilityGlobals) = postSolution
		SolutionGuid = {7E2597ED-C032-4CFE-A3A8-EF8519A1B929}
	EndGlobalSection
EndGlobal
