<?xml version="1.0" encoding="utf-8"?>
<Project ToolsVersion="4.0" xmlns="http://schemas.microsoft.com/developer/msbuild/2003">
  <ItemGroup>
    <Filter Include="Main">
      <UniqueIdentifier>{80e42cb4-63d8-477e-a271-97fc93a9861b}</UniqueIdentifier>
    </Filter>
    <Filter Include="Socket">
      <UniqueIdentifier>{650a9726-1ebc-4cd9-bc9b-822eac47b03f}</UniqueIdentifier>
    </Filter>
  </ItemGroup>
  <ItemGroup>
    <ClCompile Include="Main.cpp">
      <Filter>Main</Filter>
    </ClCompile>
    <ClCompile Include="PtrUtils.ixx">
      <Filter>Socket</Filter>
    </ClCompile>
    <ClCompile Include="SocketAddress.ixx">
      <Filter>Socket</Filter>
    </ClCompile>
    <ClCompile Include="SocketAddress.cpp">
      <Filter>Socket</Filter>
    </ClCompile>
    <ClCompile Include="SocketAddressFactory.ixx">
      <Filter>Socket</Filter>
    </ClCompile>
    <ClCompile Include="SocketAddressFactory.cpp">
      <Filter>Socket</Filter>
    </ClCompile>
    <ClCompile Include="SocketUtil.cpp">
      <Filter>Socket</Filter>
    </ClCompile>
    <ClCompile Include="SocketUtil.ixx">
      <Filter>Socket</Filter>
    </ClCompile>
    <ClCompile Include="UDPSocket.ixx">
      <Filter>Socket</Filter>
    </ClCompile>
    <ClCompile Include="UDPSocket.cpp">
      <Filter>Socket</Filter>
    </ClCompile>
    <ClCompile Include="TCPSocket.ixx">
      <Filter>Socket</Filter>
    </ClCompile>
    <ClCompile Include="TCPSocket.cpp">
      <Filter>Socket</Filter>
    </ClCompile>
  </ItemGroup>
</Project>